{
  "name": "insomnia-plugin-aws-iam",
  "version": "2.0.0",
  "lockfileVersion": 2,
  "requires": true,
  "packages": {
    "": {
      "name": "insomnia-plugin-aws-iam",
      "version": "2.0.0",
      "license": "ISC",
      "dependencies": {
        "awscred": "^1.5.0"
      },
      "devDependencies": {
        "@types/node": "^12.12.50",
        "typescript": "^3.7.4"
      }
    },
    "node_modules/@types/node": {
      "version": "12.20.52",
      "resolved": "https://registry.npmjs.org/@types/node/-/node-12.20.52.tgz",
      "integrity": "sha512-cfkwWw72849SNYp3Zx0IcIs25vABmFh73xicxhCkTcvtZQeIez15PpwQN8fY3RD7gv1Wrxlc9MEtfMORZDEsGw==",
      "dev": true
    },
    "node_modules/awscred": {
      "version": "1.5.0",
      "resolved": "https://registry.npmjs.org/awscred/-/awscred-1.5.0.tgz",
      "integrity": "sha512-EkdH0O/gp5LOAU/CxCkeo6BF8qdGRmhFkVYMaNNZiNTgBHg0EpLswdtwhXZoC4t/NX5Ctx43WHHQd1Z3KrFQgg=="
    },
    "node_modules/typescript": {
      "version": "3.7.4",
      "resolved": "https://registry.npmjs.org/typescript/-/typescript-3.7.4.tgz",
      "integrity": "sha512-A25xv5XCtarLwXpcDNZzCGvW2D1S3/bACratYBx2sax8PefsFhlYmkQicKHvpYflFS8if4zne5zT5kpJ7pzuvw==",
      "dev": true,
      "bin": {
        "tsc": "bin/tsc",
        "tsserver": "bin/tsserver"
      },
      "engines": {
        "node": ">=4.2.0"
      }
    }
  },
  "dependencies": {
    "@types/node": {
      "version": "12.20.52",
      "resolved": "https://registry.npmjs.org/@types/node/-/node-12.20.52.tgz",
      "integrity": "sha512-cfkwWw72849SNYp3Zx0IcIs25vABmFh73xicxhCkTcvtZQeIez15PpwQN8fY3RD7gv1Wrxlc9MEtfMORZDEsGw==",
      "dev": true
    },
    "awscred": {
      "version": "1.5.0",
      "resolved": "https://registry.npmjs.org/awscred/-/awscred-1.5.0.tgz",
      "integrity": "sha512-EkdH0O/gp5LOAU/CxCkeo6BF8qdGRmhFkVYMaNNZiNTgBHg0EpLswdtwhXZoC4t/NX5Ctx43WHHQd1Z3KrFQgg=="
    },
    "typescript": {
      "version": "3.7.4",
      "resolved": "https://registry.npmjs.org/typescript/-/typescript-3.7.4.tgz",
      "integrity": "sha512-A25xv5XCtarLwXpcDNZzCGvW2D1S3/bACratYBx2sax8PefsFhlYmkQicKHvpYflFS8if4zne5zT5kpJ7pzuvw==",
      "dev": true
    }
  }
}
